// !$*UTF8*$!
{
	archiveVersion = 1;
	classes = {
	};
	objectVersion = 56;
	objects = {

/* Begin PBXBuildFile section */
		D53043F22A1EA10200B30BCF /* AiChatBotApp.swift in Sources */ = {isa = PBXBuildFile; fileRef = D53043F12A1EA10200B30BCF /* AiChatBotApp.swift */; };
		D53043F42A1EA10200B30BCF /* ContentView.swift in Sources */ = {isa = PBXBuildFile; fileRef = D53043F32A1EA10200B30BCF /* ContentView.swift */; };
		D53043F62A1EA10600B30BCF /* Assets.xcassets in Resources */ = {isa = PBXBuildFile; fileRef = D53043F52A1EA10600B30BCF /* Assets.xcassets */; };
		D53043F92A1EA10600B30BCF /* Preview Assets.xcassets in Resources */ = {isa = PBXBuildFile; fileRef = D53043F82A1EA10600B30BCF /* Preview Assets.xcassets */; };
		D53044012A1EA73400B30BCF /* SplashView.swift in Sources */ = {isa = PBXBuildFile; fileRef = D53044002A1EA73400B30BCF /* SplashView.swift */; };
		D53044042A1EA8AD00B30BCF /* Enums.swift in Sources */ = {isa = PBXBuildFile; fileRef = D53044032A1EA8AD00B30BCF /* Enums.swift */; };
		D530441B2A1EAEBE00B30BCF /* Urbanist-LightItalic.ttf in Resources */ = {isa = PBXBuildFile; fileRef = D53044092A1EAEBC00B30BCF /* Urbanist-LightItalic.ttf */; };
		D530441C2A1EAEBE00B30BCF /* Urbanist-MediumItalic.ttf in Resources */ = {isa = PBXBuildFile; fileRef = D530440A2A1EAEBC00B30BCF /* Urbanist-MediumItalic.ttf */; };
		D530441D2A1EAEBE00B30BCF /* Urbanist-BlackItalic.ttf in Resources */ = {isa = PBXBuildFile; fileRef = D530440B2A1EAEBD00B30BCF /* Urbanist-BlackItalic.ttf */; };
		D530441E2A1EAEBE00B30BCF /* Urbanist-SemiBold.ttf in Resources */ = {isa = PBXBuildFile; fileRef = D530440C2A1EAEBD00B30BCF /* Urbanist-SemiBold.ttf */; };
		D530441F2A1EAEBE00B30BCF /* Urbanist-ThinItalic.ttf in Resources */ = {isa = PBXBuildFile; fileRef = D530440D2A1EAEBD00B30BCF /* Urbanist-ThinItalic.ttf */; };
		D53044202A1EAEBE00B30BCF /* Urbanist-ExtraBold.ttf in Resources */ = {isa = PBXBuildFile; fileRef = D530440E2A1EAEBD00B30BCF /* Urbanist-ExtraBold.ttf */; };
		D53044212A1EAEBE00B30BCF /* Urbanist-ExtraLight.ttf in Resources */ = {isa = PBXBuildFile; fileRef = D530440F2A1EAEBD00B30BCF /* Urbanist-ExtraLight.ttf */; };
		D53044222A1EAEBE00B30BCF /* Urbanist-Medium.ttf in Resources */ = {isa = PBXBuildFile; fileRef = D53044102A1EAEBD00B30BCF /* Urbanist-Medium.ttf */; };
		D53044232A1EAEBE00B30BCF /* Urbanist-ExtraBoldItalic.ttf in Resources */ = {isa = PBXBuildFile; fileRef = D53044112A1EAEBD00B30BCF /* Urbanist-ExtraBoldItalic.ttf */; };
		D53044242A1EAEBE00B30BCF /* Urbanist-Thin.ttf in Resources */ = {isa = PBXBuildFile; fileRef = D53044122A1EAEBD00B30BCF /* Urbanist-Thin.ttf */; };
		D53044252A1EAEBE00B30BCF /* Urbanist-Italic.ttf in Resources */ = {isa = PBXBuildFile; fileRef = D53044132A1EAEBD00B30BCF /* Urbanist-Italic.ttf */; };
		D53044262A1EAEBE00B30BCF /* Urbanist-Light.ttf in Resources */ = {isa = PBXBuildFile; fileRef = D53044142A1EAEBD00B30BCF /* Urbanist-Light.ttf */; };
		D53044272A1EAEBE00B30BCF /* Urbanist-Bold.ttf in Resources */ = {isa = PBXBuildFile; fileRef = D53044152A1EAEBD00B30BCF /* Urbanist-Bold.ttf */; };
		D53044282A1EAEBE00B30BCF /* Urbanist-BoldItalic.ttf in Resources */ = {isa = PBXBuildFile; fileRef = D53044162A1EAEBD00B30BCF /* Urbanist-BoldItalic.ttf */; };
		D53044292A1EAEBE00B30BCF /* Urbanist-Black.ttf in Resources */ = {isa = PBXBuildFile; fileRef = D53044172A1EAEBE00B30BCF /* Urbanist-Black.ttf */; };
		D530442A2A1EAEBE00B30BCF /* Urbanist-Regular.ttf in Resources */ = {isa = PBXBuildFile; fileRef = D53044182A1EAEBE00B30BCF /* Urbanist-Regular.ttf */; };
		D530442B2A1EAEBE00B30BCF /* Urbanist-SemiBoldItalic.ttf in Resources */ = {isa = PBXBuildFile; fileRef = D53044192A1EAEBE00B30BCF /* Urbanist-SemiBoldItalic.ttf */; };
		D530442C2A1EAEBE00B30BCF /* Urbanist-ExtraLightItalic.ttf in Resources */ = {isa = PBXBuildFile; fileRef = D530441A2A1EAEBE00B30BCF /* Urbanist-ExtraLightItalic.ttf */; };
		D53044302A1EB11500B30BCF /* ColorExtension.swift in Sources */ = {isa = PBXBuildFile; fileRef = D530442F2A1EB11400B30BCF /* ColorExtension.swift */; };
		D53044322A1EB4F800B30BCF /* LoginIntroView.swift in Sources */ = {isa = PBXBuildFile; fileRef = D53044312A1EB4F800B30BCF /* LoginIntroView.swift */; };
		D53044342A1EBCC900B30BCF /* LoginView.swift in Sources */ = {isa = PBXBuildFile; fileRef = D53044332A1EBCC900B30BCF /* LoginView.swift */; };
		D53044362A201F3400B30BCF /* UnderlinedTextField.swift in Sources */ = {isa = PBXBuildFile; fileRef = D53044352A201F3400B30BCF /* UnderlinedTextField.swift */; };
		D53044392A20A14E00B30BCF /* DividerWithLabel.swift in Sources */ = {isa = PBXBuildFile; fileRef = D53044382A20A14E00B30BCF /* DividerWithLabel.swift */; };
		D530443B2A20A56500B30BCF /* LoginRegisterSelectionView.swift in Sources */ = {isa = PBXBuildFile; fileRef = D530443A2A20A56500B30BCF /* LoginRegisterSelectionView.swift */; };
		D530443D2A20A7EB00B30BCF /* RegisterView.swift in Sources */ = {isa = PBXBuildFile; fileRef = D530443C2A20A7EB00B30BCF /* RegisterView.swift */; };
		D530443F2A20D4C500B30BCF /* CustomBackButton.swift in Sources */ = {isa = PBXBuildFile; fileRef = D530443E2A20D4C500B30BCF /* CustomBackButton.swift */; };
		D53044412A20D5CE00B30BCF /* CompleteYourProfileView.swift in Sources */ = {isa = PBXBuildFile; fileRef = D53044402A20D5CE00B30BCF /* CompleteYourProfileView.swift */; };
		D53044432A20D6F300B30BCF /* RoundedIconWithEditButton.swift in Sources */ = {isa = PBXBuildFile; fileRef = D53044422A20D6F300B30BCF /* RoundedIconWithEditButton.swift */; };
		D53044462A20E22600B30BCF /* iPhoneNumberField in Frameworks */ = {isa = PBXBuildFile; productRef = D53044452A20E22600B30BCF /* iPhoneNumberField */; };
		D53044482A21724000B30BCF /* PickerTextField.swift in Sources */ = {isa = PBXBuildFile; fileRef = D53044472A21724000B30BCF /* PickerTextField.swift */; };
		D530444A2A22C2CD00B30BCF /* LoadingView.swift in Sources */ = {isa = PBXBuildFile; fileRef = D53044492A22C2CD00B30BCF /* LoadingView.swift */; };
		D530444C2A24123D00B30BCF /* HomeView.swift in Sources */ = {isa = PBXBuildFile; fileRef = D530444B2A24123D00B30BCF /* HomeView.swift */; };
		D53044512A24DF8100B30BCF /* ResetPasswordView.swift in Sources */ = {isa = PBXBuildFile; fileRef = D53044502A24DF8100B30BCF /* ResetPasswordView.swift */; };
		D53044552A24E31A00B30BCF /* CustomOTPBox.swift in Sources */ = {isa = PBXBuildFile; fileRef = D53044542A24E31A00B30BCF /* CustomOTPBox.swift */; };
		D530445D2A26193F00B30BCF /* LoginVM.swift in Sources */ = {isa = PBXBuildFile; fileRef = D530445C2A26193F00B30BCF /* LoginVM.swift */; };
		D530445F2A261ADE00B30BCF /* ResetPasswordVM.swift in Sources */ = {isa = PBXBuildFile; fileRef = D530445E2A261ADE00B30BCF /* ResetPasswordVM.swift */; };
		D530447F2A27F00E00B30BCF /* RegisterUserVM.swift in Sources */ = {isa = PBXBuildFile; fileRef = D530447E2A27F00E00B30BCF /* RegisterUserVM.swift */; };
		D53A80372A844A90003C15D3 /* UserViewModel.swift in Sources */ = {isa = PBXBuildFile; fileRef = D53A80362A844A90003C15D3 /* UserViewModel.swift */; };
		D53A803A2A844B80003C15D3 /* OpenAIService.swift in Sources */ = {isa = PBXBuildFile; fileRef = D53A80392A844B80003C15D3 /* OpenAIService.swift */; };
		D53A803D2A844C65003C15D3 /* Alamofire in Frameworks */ = {isa = PBXBuildFile; productRef = D53A803C2A844C65003C15D3 /* Alamofire */; };
		D5496E8C2AA6126D0057A9E3 /* ChatHistory.swift in Sources */ = {isa = PBXBuildFile; fileRef = D5496E8B2AA6126D0057A9E3 /* ChatHistory.swift */; };
		D5496E8F2AA613040057A9E3 /* ChatHistoryCD.xcdatamodeld in Sources */ = {isa = PBXBuildFile; fileRef = D5496E8D2AA613040057A9E3 /* ChatHistoryCD.xcdatamodeld */; };
		D5496E912AA613930057A9E3 /* DataController.swift in Sources */ = {isa = PBXBuildFile; fileRef = D5496E902AA613930057A9E3 /* DataController.swift */; };
		D5496E942AA627010057A9E3 /* ChatHistoryView.swift in Sources */ = {isa = PBXBuildFile; fileRef = D5496E932AA627010057A9E3 /* ChatHistoryView.swift */; };
		D5496E962AA690420057A9E3 /* Utilities.swift in Sources */ = {isa = PBXBuildFile; fileRef = D5496E952AA690420057A9E3 /* Utilities.swift */; };
		D5496E982AA724E80057A9E3 /* ChatHistoryCard.swift in Sources */ = {isa = PBXBuildFile; fileRef = D5496E972AA724E80057A9E3 /* ChatHistoryCard.swift */; };
		D5496E9B2AA74B8F0057A9E3 /* ProfileView.swift in Sources */ = {isa = PBXBuildFile; fileRef = D5496E9A2AA74B8F0057A9E3 /* ProfileView.swift */; };
		D5496E9E2AA76E520057A9E3 /* RevenueCat in Frameworks */ = {isa = PBXBuildFile; productRef = D5496E9D2AA76E520057A9E3 /* RevenueCat */; };
		D5496EA12AA76E770057A9E3 /* PaywallView.swift in Sources */ = {isa = PBXBuildFile; fileRef = D5496EA02AA76E770057A9E3 /* PaywallView.swift */; };
		D5496EA32AA76FB10057A9E3 /* UserDefaults.swift in Sources */ = {isa = PBXBuildFile; fileRef = D5496EA22AA76FB10057A9E3 /* UserDefaults.swift */; };
		D5496EA52AA773780057A9E3 /* SharedWebView.swift in Sources */ = {isa = PBXBuildFile; fileRef = D5496EA42AA773780057A9E3 /* SharedWebView.swift */; };
		D5496EA72AA773980057A9E3 /* WebView.swift in Sources */ = {isa = PBXBuildFile; fileRef = D5496EA62AA773980057A9E3 /* WebView.swift */; };
		D55328AB2A2E95CC00AE74C8 /* StartChatView.swift in Sources */ = {isa = PBXBuildFile; fileRef = D55328AA2A2E95CC00AE74C8 /* StartChatView.swift */; };
		D55328AD2A2E96CD00AE74C8 /* ChatView.swift in Sources */ = {isa = PBXBuildFile; fileRef = D55328AC2A2E96CC00AE74C8 /* ChatView.swift */; };
		D55328AF2A2F626500AE74C8 /* ChatModel.swift in Sources */ = {isa = PBXBuildFile; fileRef = D55328AE2A2F626500AE74C8 /* ChatModel.swift */; };
		D55328B12A2F62DA00AE74C8 /* ContentMessageView.swift in Sources */ = {isa = PBXBuildFile; fileRef = D55328B02A2F62DA00AE74C8 /* ContentMessageView.swift */; };
		D55328B32A2F638E00AE74C8 /* MessageView.swift in Sources */ = {isa = PBXBuildFile; fileRef = D55328B22A2F638E00AE74C8 /* MessageView.swift */; };
		D55328B52A2F652000AE74C8 /* ChatVM.swift in Sources */ = {isa = PBXBuildFile; fileRef = D55328B42A2F652000AE74C8 /* ChatVM.swift */; };
		D55328B72A31D30700AE74C8 /* PDFView.swift in Sources */ = {isa = PBXBuildFile; fileRef = D55328B62A31D30700AE74C8 /* PDFView.swift */; };
		D55B69632A295466009D6B18 /* EnumUtils.swift in Sources */ = {isa = PBXBuildFile; fileRef = D55B69622A295466009D6B18 /* EnumUtils.swift */; };
		D55B69652A2AA418009D6B18 /* ScanData.swift in Sources */ = {isa = PBXBuildFile; fileRef = D55B69642A2AA418009D6B18 /* ScanData.swift */; };
		D55B69672A2AA463009D6B18 /* HomeVM.swift in Sources */ = {isa = PBXBuildFile; fileRef = D55B69662A2AA463009D6B18 /* HomeVM.swift */; };
		D55B69692A2AA6CF009D6B18 /* ScannerView.swift in Sources */ = {isa = PBXBuildFile; fileRef = D55B69682A2AA6CF009D6B18 /* ScannerView.swift */; };
		D55B696B2A2AAB8B009D6B18 /* TextRecognizer.swift in Sources */ = {isa = PBXBuildFile; fileRef = D55B696A2A2AAB8B009D6B18 /* TextRecognizer.swift */; };
		D55E44EB2AAB306D005B1C55 /* BaseService.swift in Sources */ = {isa = PBXBuildFile; fileRef = D55E44EA2AAB306D005B1C55 /* BaseService.swift */; };
		D55E44ED2AAB308F005B1C55 /* BaseActions.swift in Sources */ = {isa = PBXBuildFile; fileRef = D55E44EC2AAB308F005B1C55 /* BaseActions.swift */; };
		D55E44EF2AAB30A3005B1C55 /* APIServiceEndpoint.swift in Sources */ = {isa = PBXBuildFile; fileRef = D55E44EE2AAB30A3005B1C55 /* APIServiceEndpoint.swift */; };
		D55E44F12AAB322B005B1C55 /* ResponseModel.swift in Sources */ = {isa = PBXBuildFile; fileRef = D55E44F02AAB322B005B1C55 /* ResponseModel.swift */; };
		D55E44F32AAB70DD005B1C55 /* ProfileVM.swift in Sources */ = {isa = PBXBuildFile; fileRef = D55E44F22AAB70DD005B1C55 /* ProfileVM.swift */; };
		D55E44F52AAF0F30005B1C55 /* WebSocket.swift in Sources */ = {isa = PBXBuildFile; fileRef = D55E44F42AAF0F30005B1C55 /* WebSocket.swift */; };
		D5D350A72AA5161F00201EE9 /* ImagePicker.swift in Sources */ = {isa = PBXBuildFile; fileRef = D5D350A62AA5161F00201EE9 /* ImagePicker.swift */; };
		D5D350A92AA5351300201EE9 /* ChatAssistantView.swift in Sources */ = {isa = PBXBuildFile; fileRef = D5D350A82AA5351300201EE9 /* ChatAssistantView.swift */; };
		D5D746692AAF3F7D000831A6 /* PopupView.swift in Sources */ = {isa = PBXBuildFile; fileRef = D5D746682AAF3F7D000831A6 /* PopupView.swift */; };
/* End PBXBuildFile section */

/* Begin PBXFileReference section */
		D53043EE2A1EA10200B30BCF /* AiChatBot.app */ = {isa = PBXFileReference; explicitFileType = wrapper.application; includeInIndex = 0; path = AiChatBot.app; sourceTree = BUILT_PRODUCTS_DIR; };
		D53043F12A1EA10200B30BCF /* AiChatBotApp.swift */ = {isa = PBXFileReference; lastKnownFileType = sourcecode.swift; path = AiChatBotApp.swift; sourceTree = "<group>"; };
		D53043F32A1EA10200B30BCF /* ContentView.swift */ = {isa = PBXFileReference; lastKnownFileType = sourcecode.swift; path = ContentView.swift; sourceTree = "<group>"; };
		D53043F52A1EA10600B30BCF /* Assets.xcassets */ = {isa = PBXFileReference; lastKnownFileType = folder.assetcatalog; path = Assets.xcassets; sourceTree = "<group>"; };
		D53043F82A1EA10600B30BCF /* Preview Assets.xcassets */ = {isa = PBXFileReference; lastKnownFileType = folder.assetcatalog; path = "Preview Assets.xcassets"; sourceTree = "<group>"; };
		D53044002A1EA73400B30BCF /* SplashView.swift */ = {isa = PBXFileReference; lastKnownFileType = sourcecode.swift; path = SplashView.swift; sourceTree = "<group>"; };
		D53044032A1EA8AD00B30BCF /* Enums.swift */ = {isa = PBXFileReference; lastKnownFileType = sourcecode.swift; path = Enums.swift; sourceTree = "<group>"; };
		D53044072A1EAAEC00B30BCF /* Info.plist */ = {isa = PBXFileReference; lastKnownFileType = text.plist; path = Info.plist; sourceTree = "<group>"; };
		D53044092A1EAEBC00B30BCF /* Urbanist-LightItalic.ttf */ = {isa = PBXFileReference; lastKnownFileType = file; path = "Urbanist-LightItalic.ttf"; sourceTree = "<group>"; };
		D530440A2A1EAEBC00B30BCF /* Urbanist-MediumItalic.ttf */ = {isa = PBXFileReference; lastKnownFileType = file; path = "Urbanist-MediumItalic.ttf"; sourceTree = "<group>"; };
		D530440B2A1EAEBD00B30BCF /* Urbanist-BlackItalic.ttf */ = {isa = PBXFileReference; lastKnownFileType = file; path = "Urbanist-BlackItalic.ttf"; sourceTree = "<group>"; };
		D530440C2A1EAEBD00B30BCF /* Urbanist-SemiBold.ttf */ = {isa = PBXFileReference; lastKnownFileType = file; path = "Urbanist-SemiBold.ttf"; sourceTree = "<group>"; };
		D530440D2A1EAEBD00B30BCF /* Urbanist-ThinItalic.ttf */ = {isa = PBXFileReference; lastKnownFileType = file; path = "Urbanist-ThinItalic.ttf"; sourceTree = "<group>"; };
		D530440E2A1EAEBD00B30BCF /* Urbanist-ExtraBold.ttf */ = {isa = PBXFileReference; lastKnownFileType = file; path = "Urbanist-ExtraBold.ttf"; sourceTree = "<group>"; };
		D530440F2A1EAEBD00B30BCF /* Urbanist-ExtraLight.ttf */ = {isa = PBXFileReference; lastKnownFileType = file; path = "Urbanist-ExtraLight.ttf"; sourceTree = "<group>"; };
		D53044102A1EAEBD00B30BCF /* Urbanist-Medium.ttf */ = {isa = PBXFileReference; lastKnownFileType = file; path = "Urbanist-Medium.ttf"; sourceTree = "<group>"; };
		D53044112A1EAEBD00B30BCF /* Urbanist-ExtraBoldItalic.ttf */ = {isa = PBXFileReference; lastKnownFileType = file; path = "Urbanist-ExtraBoldItalic.ttf"; sourceTree = "<group>"; };
		D53044122A1EAEBD00B30BCF /* Urbanist-Thin.ttf */ = {isa = PBXFileReference; lastKnownFileType = file; path = "Urbanist-Thin.ttf"; sourceTree = "<group>"; };
		D53044132A1EAEBD00B30BCF /* Urbanist-Italic.ttf */ = {isa = PBXFileReference; lastKnownFileType = file; path = "Urbanist-Italic.ttf"; sourceTree = "<group>"; };
		D53044142A1EAEBD00B30BCF /* Urbanist-Light.ttf */ = {isa = PBXFileReference; lastKnownFileType = file; path = "Urbanist-Light.ttf"; sourceTree = "<group>"; };
		D53044152A1EAEBD00B30BCF /* Urbanist-Bold.ttf */ = {isa = PBXFileReference; lastKnownFileType = file; path = "Urbanist-Bold.ttf"; sourceTree = "<group>"; };
		D53044162A1EAEBD00B30BCF /* Urbanist-BoldItalic.ttf */ = {isa = PBXFileReference; lastKnownFileType = file; path = "Urbanist-BoldItalic.ttf"; sourceTree = "<group>"; };
		D53044172A1EAEBE00B30BCF /* Urbanist-Black.ttf */ = {isa = PBXFileReference; lastKnownFileType = file; path = "Urbanist-Black.ttf"; sourceTree = "<group>"; };
		D53044182A1EAEBE00B30BCF /* Urbanist-Regular.ttf */ = {isa = PBXFileReference; lastKnownFileType = file; path = "Urbanist-Regular.ttf"; sourceTree = "<group>"; };
		D53044192A1EAEBE00B30BCF /* Urbanist-SemiBoldItalic.ttf */ = {isa = PBXFileReference; lastKnownFileType = file; path = "Urbanist-SemiBoldItalic.ttf"; sourceTree = "<group>"; };
		D530441A2A1EAEBE00B30BCF /* Urbanist-ExtraLightItalic.ttf */ = {isa = PBXFileReference; lastKnownFileType = file; path = "Urbanist-ExtraLightItalic.ttf"; sourceTree = "<group>"; };
		D530442F2A1EB11400B30BCF /* ColorExtension.swift */ = {isa = PBXFileReference; lastKnownFileType = sourcecode.swift; path = ColorExtension.swift; sourceTree = "<group>"; };
		D53044312A1EB4F800B30BCF /* LoginIntroView.swift */ = {isa = PBXFileReference; lastKnownFileType = sourcecode.swift; path = LoginIntroView.swift; sourceTree = "<group>"; };
		D53044332A1EBCC900B30BCF /* LoginView.swift */ = {isa = PBXFileReference; lastKnownFileType = sourcecode.swift; path = LoginView.swift; sourceTree = "<group>"; };
		D53044352A201F3400B30BCF /* UnderlinedTextField.swift */ = {isa = PBXFileReference; lastKnownFileType = sourcecode.swift; path = UnderlinedTextField.swift; sourceTree = "<group>"; };
		D53044382A20A14E00B30BCF /* DividerWithLabel.swift */ = {isa = PBXFileReference; lastKnownFileType = sourcecode.swift; path = DividerWithLabel.swift; sourceTree = "<group>"; };
		D530443A2A20A56500B30BCF /* LoginRegisterSelectionView.swift */ = {isa = PBXFileReference; lastKnownFileType = sourcecode.swift; path = LoginRegisterSelectionView.swift; sourceTree = "<group>"; };
		D530443C2A20A7EB00B30BCF /* RegisterView.swift */ = {isa = PBXFileReference; lastKnownFileType = sourcecode.swift; path = RegisterView.swift; sourceTree = "<group>"; };
		D530443E2A20D4C500B30BCF /* CustomBackButton.swift */ = {isa = PBXFileReference; lastKnownFileType = sourcecode.swift; path = CustomBackButton.swift; sourceTree = "<group>"; };
		D53044402A20D5CE00B30BCF /* CompleteYourProfileView.swift */ = {isa = PBXFileReference; lastKnownFileType = sourcecode.swift; path = CompleteYourProfileView.swift; sourceTree = "<group>"; };
		D53044422A20D6F300B30BCF /* RoundedIconWithEditButton.swift */ = {isa = PBXFileReference; lastKnownFileType = sourcecode.swift; path = RoundedIconWithEditButton.swift; sourceTree = "<group>"; };
		D53044472A21724000B30BCF /* PickerTextField.swift */ = {isa = PBXFileReference; lastKnownFileType = sourcecode.swift; path = PickerTextField.swift; sourceTree = "<group>"; };
		D53044492A22C2CD00B30BCF /* LoadingView.swift */ = {isa = PBXFileReference; lastKnownFileType = sourcecode.swift; path = LoadingView.swift; sourceTree = "<group>"; };
		D530444B2A24123D00B30BCF /* HomeView.swift */ = {isa = PBXFileReference; lastKnownFileType = sourcecode.swift; path = HomeView.swift; sourceTree = "<group>"; };
		D53044502A24DF8100B30BCF /* ResetPasswordView.swift */ = {isa = PBXFileReference; lastKnownFileType = sourcecode.swift; path = ResetPasswordView.swift; sourceTree = "<group>"; };
		D53044542A24E31A00B30BCF /* CustomOTPBox.swift */ = {isa = PBXFileReference; lastKnownFileType = sourcecode.swift; path = CustomOTPBox.swift; sourceTree = "<group>"; };
		D530445C2A26193F00B30BCF /* LoginVM.swift */ = {isa = PBXFileReference; lastKnownFileType = sourcecode.swift; path = LoginVM.swift; sourceTree = "<group>"; };
		D530445E2A261ADE00B30BCF /* ResetPasswordVM.swift */ = {isa = PBXFileReference; lastKnownFileType = sourcecode.swift; path = ResetPasswordVM.swift; sourceTree = "<group>"; };
		D530447E2A27F00E00B30BCF /* RegisterUserVM.swift */ = {isa = PBXFileReference; lastKnownFileType = sourcecode.swift; path = RegisterUserVM.swift; sourceTree = "<group>"; };
		D53A80362A844A90003C15D3 /* UserViewModel.swift */ = {isa = PBXFileReference; lastKnownFileType = sourcecode.swift; path = UserViewModel.swift; sourceTree = "<group>"; };
		D53A80392A844B80003C15D3 /* OpenAIService.swift */ = {isa = PBXFileReference; lastKnownFileType = sourcecode.swift; path = OpenAIService.swift; sourceTree = "<group>"; };
		D5496E8B2AA6126D0057A9E3 /* ChatHistory.swift */ = {isa = PBXFileReference; lastKnownFileType = sourcecode.swift; path = ChatHistory.swift; sourceTree = "<group>"; };
		D5496E8E2AA613040057A9E3 /* ChatHistoryCD.xcdatamodel */ = {isa = PBXFileReference; lastKnownFileType = wrapper.xcdatamodel; path = ChatHistoryCD.xcdatamodel; sourceTree = "<group>"; };
		D5496E902AA613930057A9E3 /* DataController.swift */ = {isa = PBXFileReference; lastKnownFileType = sourcecode.swift; path = DataController.swift; sourceTree = "<group>"; };
		D5496E932AA627010057A9E3 /* ChatHistoryView.swift */ = {isa = PBXFileReference; lastKnownFileType = sourcecode.swift; path = ChatHistoryView.swift; sourceTree = "<group>"; };
		D5496E952AA690420057A9E3 /* Utilities.swift */ = {isa = PBXFileReference; lastKnownFileType = sourcecode.swift; path = Utilities.swift; sourceTree = "<group>"; };
		D5496E972AA724E80057A9E3 /* ChatHistoryCard.swift */ = {isa = PBXFileReference; lastKnownFileType = sourcecode.swift; path = ChatHistoryCard.swift; sourceTree = "<group>"; };
		D5496E9A2AA74B8F0057A9E3 /* ProfileView.swift */ = {isa = PBXFileReference; lastKnownFileType = sourcecode.swift; path = ProfileView.swift; sourceTree = "<group>"; };
		D5496EA02AA76E770057A9E3 /* PaywallView.swift */ = {isa = PBXFileReference; lastKnownFileType = sourcecode.swift; path = PaywallView.swift; sourceTree = "<group>"; };
		D5496EA22AA76FB10057A9E3 /* UserDefaults.swift */ = {isa = PBXFileReference; lastKnownFileType = sourcecode.swift; path = UserDefaults.swift; sourceTree = "<group>"; };
		D5496EA42AA773780057A9E3 /* SharedWebView.swift */ = {isa = PBXFileReference; lastKnownFileType = sourcecode.swift; path = SharedWebView.swift; sourceTree = "<group>"; };
		D5496EA62AA773980057A9E3 /* WebView.swift */ = {isa = PBXFileReference; lastKnownFileType = sourcecode.swift; path = WebView.swift; sourceTree = "<group>"; };
		D55328AA2A2E95CC00AE74C8 /* StartChatView.swift */ = {isa = PBXFileReference; lastKnownFileType = sourcecode.swift; path = StartChatView.swift; sourceTree = "<group>"; };
		D55328AC2A2E96CC00AE74C8 /* ChatView.swift */ = {isa = PBXFileReference; lastKnownFileType = sourcecode.swift; path = ChatView.swift; sourceTree = "<group>"; };
		D55328AE2A2F626500AE74C8 /* ChatModel.swift */ = {isa = PBXFileReference; lastKnownFileType = sourcecode.swift; path = ChatModel.swift; sourceTree = "<group>"; };
		D55328B02A2F62DA00AE74C8 /* ContentMessageView.swift */ = {isa = PBXFileReference; lastKnownFileType = sourcecode.swift; path = ContentMessageView.swift; sourceTree = "<group>"; };
		D55328B22A2F638E00AE74C8 /* MessageView.swift */ = {isa = PBXFileReference; lastKnownFileType = sourcecode.swift; path = MessageView.swift; sourceTree = "<group>"; };
		D55328B42A2F652000AE74C8 /* ChatVM.swift */ = {isa = PBXFileReference; lastKnownFileType = sourcecode.swift; path = ChatVM.swift; sourceTree = "<group>"; };
		D55328B62A31D30700AE74C8 /* PDFView.swift */ = {isa = PBXFileReference; lastKnownFileType = sourcecode.swift; path = PDFView.swift; sourceTree = "<group>"; };
		D55B69622A295466009D6B18 /* EnumUtils.swift */ = {isa = PBXFileReference; lastKnownFileType = sourcecode.swift; path = EnumUtils.swift; sourceTree = "<group>"; };
		D55B69642A2AA418009D6B18 /* ScanData.swift */ = {isa = PBXFileReference; lastKnownFileType = sourcecode.swift; path = ScanData.swift; sourceTree = "<group>"; };
		D55B69662A2AA463009D6B18 /* HomeVM.swift */ = {isa = PBXFileReference; lastKnownFileType = sourcecode.swift; path = HomeVM.swift; sourceTree = "<group>"; };
		D55B69682A2AA6CF009D6B18 /* ScannerView.swift */ = {isa = PBXFileReference; lastKnownFileType = sourcecode.swift; path = ScannerView.swift; sourceTree = "<group>"; };
		D55B696A2A2AAB8B009D6B18 /* TextRecognizer.swift */ = {isa = PBXFileReference; lastKnownFileType = sourcecode.swift; path = TextRecognizer.swift; sourceTree = "<group>"; };
		D55E44EA2AAB306D005B1C55 /* BaseService.swift */ = {isa = PBXFileReference; lastKnownFileType = sourcecode.swift; path = BaseService.swift; sourceTree = "<group>"; };
		D55E44EC2AAB308F005B1C55 /* BaseActions.swift */ = {isa = PBXFileReference; lastKnownFileType = sourcecode.swift; path = BaseActions.swift; sourceTree = "<group>"; };
		D55E44EE2AAB30A3005B1C55 /* APIServiceEndpoint.swift */ = {isa = PBXFileReference; lastKnownFileType = sourcecode.swift; path = APIServiceEndpoint.swift; sourceTree = "<group>"; };
		D55E44F02AAB322B005B1C55 /* ResponseModel.swift */ = {isa = PBXFileReference; lastKnownFileType = sourcecode.swift; path = ResponseModel.swift; sourceTree = "<group>"; };
		D55E44F22AAB70DD005B1C55 /* ProfileVM.swift */ = {isa = PBXFileReference; lastKnownFileType = sourcecode.swift; path = ProfileVM.swift; sourceTree = "<group>"; };
		D55E44F42AAF0F30005B1C55 /* WebSocket.swift */ = {isa = PBXFileReference; lastKnownFileType = sourcecode.swift; path = WebSocket.swift; sourceTree = "<group>"; };
		D5D350A62AA5161F00201EE9 /* ImagePicker.swift */ = {isa = PBXFileReference; lastKnownFileType = sourcecode.swift; path = ImagePicker.swift; sourceTree = "<group>"; };
		D5D350A82AA5351300201EE9 /* ChatAssistantView.swift */ = {isa = PBXFileReference; lastKnownFileType = sourcecode.swift; path = ChatAssistantView.swift; sourceTree = "<group>"; };
		D5D746682AAF3F7D000831A6 /* PopupView.swift */ = {isa = PBXFileReference; lastKnownFileType = sourcecode.swift; path = PopupView.swift; sourceTree = "<group>"; };
/* End PBXFileReference section */

/* Begin PBXFrameworksBuildPhase section */
		D53043EB2A1EA10200B30BCF /* Frameworks */ = {
			isa = PBXFrameworksBuildPhase;
			buildActionMask = 2147483647;
			files = (
				D53044462A20E22600B30BCF /* iPhoneNumberField in Frameworks */,
				D53A803D2A844C65003C15D3 /* Alamofire in Frameworks */,
				D5496E9E2AA76E520057A9E3 /* RevenueCat in Frameworks */,
			);
			runOnlyForDeploymentPostprocessing = 0;
		};
/* End PBXFrameworksBuildPhase section */

/* Begin PBXGroup section */
		D53043E52A1EA10200B30BCF = {
			isa = PBXGroup;
			children = (
				D53043F02A1EA10200B30BCF /* AiChatBot */,
				D53043EF2A1EA10200B30BCF /* Products */,
			);
			sourceTree = "<group>";
		};
		D53043EF2A1EA10200B30BCF /* Products */ = {
			isa = PBXGroup;
			children = (
				D53043EE2A1EA10200B30BCF /* AiChatBot.app */,
			);
			name = Products;
			sourceTree = "<group>";
		};
		D53043F02A1EA10200B30BCF /* AiChatBot */ = {
			isa = PBXGroup;
			children = (
				D55E44E92AAB305B005B1C55 /* Networking */,
				D53A80382A844B74003C15D3 /* Service */,
				D530445B2A2618EE00B30BCF /* ViewModels */,
				D53044562A24E53500B30BCF /* Models */,
				D530442D2A1EB0F500B30BCF /* Utils */,
				D53044082A1EAE6300B30BCF /* Fonts */,
				D53044072A1EAAEC00B30BCF /* Info.plist */,
				D53044022A1EA87900B30BCF /* Constants */,
				D53043FF2A1EA72300B30BCF /* Views */,
				D53043F12A1EA10200B30BCF /* AiChatBotApp.swift */,
				D53043F32A1EA10200B30BCF /* ContentView.swift */,
				D53043F52A1EA10600B30BCF /* Assets.xcassets */,
				D53043F72A1EA10600B30BCF /* Preview Content */,
			);
			path = AiChatBot;
			sourceTree = "<group>";
		};
		D53043F72A1EA10600B30BCF /* Preview Content */ = {
			isa = PBXGroup;
			children = (
				D53043F82A1EA10600B30BCF /* Preview Assets.xcassets */,
			);
			path = "Preview Content";
			sourceTree = "<group>";
		};
		D53043FF2A1EA72300B30BCF /* Views */ = {
			isa = PBXGroup;
			children = (
				D5496E9F2AA76E650057A9E3 /* Paywall */,
				D5496E992AA74B810057A9E3 /* Profile */,
				D5496E922AA626EC0057A9E3 /* Chat History */,
				D55328A92A2E95B300AE74C8 /* Chat */,
				D530444F2A24DF4900B30BCF /* Register */,
				D530444E2A24DF4200B30BCF /* Login */,
				D530444D2A24DF2600B30BCF /* Landing Pages */,
				D530444B2A24123D00B30BCF /* HomeView.swift */,
			);
			path = Views;
			sourceTree = "<group>";
		};
		D53044022A1EA87900B30BCF /* Constants */ = {
			isa = PBXGroup;
			children = (
				D53044032A1EA8AD00B30BCF /* Enums.swift */,
			);
			path = Constants;
			sourceTree = "<group>";
		};
		D53044082A1EAE6300B30BCF /* Fonts */ = {
			isa = PBXGroup;
			children = (
				D53044172A1EAEBE00B30BCF /* Urbanist-Black.ttf */,
				D530440B2A1EAEBD00B30BCF /* Urbanist-BlackItalic.ttf */,
				D53044152A1EAEBD00B30BCF /* Urbanist-Bold.ttf */,
				D53044162A1EAEBD00B30BCF /* Urbanist-BoldItalic.ttf */,
				D530440E2A1EAEBD00B30BCF /* Urbanist-ExtraBold.ttf */,
				D53044112A1EAEBD00B30BCF /* Urbanist-ExtraBoldItalic.ttf */,
				D530440F2A1EAEBD00B30BCF /* Urbanist-ExtraLight.ttf */,
				D530441A2A1EAEBE00B30BCF /* Urbanist-ExtraLightItalic.ttf */,
				D53044132A1EAEBD00B30BCF /* Urbanist-Italic.ttf */,
				D53044142A1EAEBD00B30BCF /* Urbanist-Light.ttf */,
				D53044092A1EAEBC00B30BCF /* Urbanist-LightItalic.ttf */,
				D53044102A1EAEBD00B30BCF /* Urbanist-Medium.ttf */,
				D530440A2A1EAEBC00B30BCF /* Urbanist-MediumItalic.ttf */,
				D53044182A1EAEBE00B30BCF /* Urbanist-Regular.ttf */,
				D530440C2A1EAEBD00B30BCF /* Urbanist-SemiBold.ttf */,
				D53044192A1EAEBE00B30BCF /* Urbanist-SemiBoldItalic.ttf */,
				D53044122A1EAEBD00B30BCF /* Urbanist-Thin.ttf */,
				D530440D2A1EAEBD00B30BCF /* Urbanist-ThinItalic.ttf */,
			);
			path = Fonts;
			sourceTree = "<group>";
		};
		D530442D2A1EB0F500B30BCF /* Utils */ = {
			isa = PBXGroup;
			children = (
				D53044802A27F42A00B30BCF /* Enums */,
				D53044372A20A13200B30BCF /* Widgets */,
				D530442E2A1EB10300B30BCF /* Extensions */,
				D55B696A2A2AAB8B009D6B18 /* TextRecognizer.swift */,
				D5496E952AA690420057A9E3 /* Utilities.swift */,
			);
			path = Utils;
			sourceTree = "<group>";
		};
		D530442E2A1EB10300B30BCF /* Extensions */ = {
			isa = PBXGroup;
			children = (
				D530442F2A1EB11400B30BCF /* ColorExtension.swift */,
				D53044352A201F3400B30BCF /* UnderlinedTextField.swift */,
				D5496EA22AA76FB10057A9E3 /* UserDefaults.swift */,
			);
			path = Extensions;
			sourceTree = "<group>";
		};
		D53044372A20A13200B30BCF /* Widgets */ = {
			isa = PBXGroup;
			children = (
				D53044382A20A14E00B30BCF /* DividerWithLabel.swift */,
				D530443E2A20D4C500B30BCF /* CustomBackButton.swift */,
				D53044422A20D6F300B30BCF /* RoundedIconWithEditButton.swift */,
				D53044472A21724000B30BCF /* PickerTextField.swift */,
				D53044492A22C2CD00B30BCF /* LoadingView.swift */,
				D53044542A24E31A00B30BCF /* CustomOTPBox.swift */,
				D5D350A62AA5161F00201EE9 /* ImagePicker.swift */,
				D5D746682AAF3F7D000831A6 /* PopupView.swift */,
			);
			path = Widgets;
			sourceTree = "<group>";
		};
		D530444D2A24DF2600B30BCF /* Landing Pages */ = {
			isa = PBXGroup;
			children = (
				D53044002A1EA73400B30BCF /* SplashView.swift */,
				D53044312A1EB4F800B30BCF /* LoginIntroView.swift */,
				D530443A2A20A56500B30BCF /* LoginRegisterSelectionView.swift */,
			);
			path = "Landing Pages";
			sourceTree = "<group>";
		};
		D530444E2A24DF4200B30BCF /* Login */ = {
			isa = PBXGroup;
			children = (
				D53044332A1EBCC900B30BCF /* LoginView.swift */,
				D53044502A24DF8100B30BCF /* ResetPasswordView.swift */,
			);
			path = Login;
			sourceTree = "<group>";
		};
		D530444F2A24DF4900B30BCF /* Register */ = {
			isa = PBXGroup;
			children = (
				D530443C2A20A7EB00B30BCF /* RegisterView.swift */,
				D53044402A20D5CE00B30BCF /* CompleteYourProfileView.swift */,
			);
			path = Register;
			sourceTree = "<group>";
		};
		D53044562A24E53500B30BCF /* Models */ = {
			isa = PBXGroup;
			children = (
				D55B69642A2AA418009D6B18 /* ScanData.swift */,
				D55328AE2A2F626500AE74C8 /* ChatModel.swift */,
				D5496E8B2AA6126D0057A9E3 /* ChatHistory.swift */,
				D5496E8D2AA613040057A9E3 /* ChatHistoryCD.xcdatamodeld */,
				D55E44F02AAB322B005B1C55 /* ResponseModel.swift */,
			);
			path = Models;
			sourceTree = "<group>";
		};
		D530445B2A2618EE00B30BCF /* ViewModels */ = {
			isa = PBXGroup;
			children = (
				D530445C2A26193F00B30BCF /* LoginVM.swift */,
				D530445E2A261ADE00B30BCF /* ResetPasswordVM.swift */,
				D530447E2A27F00E00B30BCF /* RegisterUserVM.swift */,
				D55B69662A2AA463009D6B18 /* HomeVM.swift */,
				D55328B42A2F652000AE74C8 /* ChatVM.swift */,
				D53A80362A844A90003C15D3 /* UserViewModel.swift */,
				D5496E902AA613930057A9E3 /* DataController.swift */,
				D55E44F22AAB70DD005B1C55 /* ProfileVM.swift */,
				D55E44F42AAF0F30005B1C55 /* WebSocket.swift */,
			);
			path = ViewModels;
			sourceTree = "<group>";
		};
		D53044802A27F42A00B30BCF /* Enums */ = {
			isa = PBXGroup;
			children = (
				D55B69622A295466009D6B18 /* EnumUtils.swift */,
			);
			path = Enums;
			sourceTree = "<group>";
		};
		D53A80382A844B74003C15D3 /* Service */ = {
			isa = PBXGroup;
			children = (
				D53A80392A844B80003C15D3 /* OpenAIService.swift */,
			);
			path = Service;
			sourceTree = "<group>";
		};
		D5496E922AA626EC0057A9E3 /* Chat History */ = {
			isa = PBXGroup;
			children = (
				D5496E932AA627010057A9E3 /* ChatHistoryView.swift */,
				D5496E972AA724E80057A9E3 /* ChatHistoryCard.swift */,
			);
			path = "Chat History";
			sourceTree = "<group>";
		};
		D5496E992AA74B810057A9E3 /* Profile */ = {
			isa = PBXGroup;
			children = (
				D5496E9A2AA74B8F0057A9E3 /* ProfileView.swift */,
				D5496EA42AA773780057A9E3 /* SharedWebView.swift */,
				D5496EA62AA773980057A9E3 /* WebView.swift */,
			);
			path = Profile;
			sourceTree = "<group>";
		};
		D5496E9F2AA76E650057A9E3 /* Paywall */ = {
			isa = PBXGroup;
			children = (
				D5496EA02AA76E770057A9E3 /* PaywallView.swift */,
			);
			path = Paywall;
			sourceTree = "<group>";
		};
		D55328A92A2E95B300AE74C8 /* Chat */ = {
			isa = PBXGroup;
			children = (
				D55B69682A2AA6CF009D6B18 /* ScannerView.swift */,
				D55328AA2A2E95CC00AE74C8 /* StartChatView.swift */,
				D55328AC2A2E96CC00AE74C8 /* ChatView.swift */,
				D55328B02A2F62DA00AE74C8 /* ContentMessageView.swift */,
				D55328B22A2F638E00AE74C8 /* MessageView.swift */,
				D55328B62A31D30700AE74C8 /* PDFView.swift */,
				D5D350A82AA5351300201EE9 /* ChatAssistantView.swift */,
			);
			path = Chat;
			sourceTree = "<group>";
		};
		D55E44E92AAB305B005B1C55 /* Networking */ = {
			isa = PBXGroup;
			children = (
				D55E44EA2AAB306D005B1C55 /* BaseService.swift */,
				D55E44EC2AAB308F005B1C55 /* BaseActions.swift */,
				D55E44EE2AAB30A3005B1C55 /* APIServiceEndpoint.swift */,
			);
			path = Networking;
			sourceTree = "<group>";
		};
/* End PBXGroup section */

/* Begin PBXNativeTarget section */
		D53043ED2A1EA10200B30BCF /* AiChatBot */ = {
			isa = PBXNativeTarget;
			buildConfigurationList = D53043FC2A1EA10600B30BCF /* Build configuration list for PBXNativeTarget "AiChatBot" */;
			buildPhases = (
				D53043EA2A1EA10200B30BCF /* Sources */,
				D53043EB2A1EA10200B30BCF /* Frameworks */,
				D53043EC2A1EA10200B30BCF /* Resources */,
			);
			buildRules = (
			);
			dependencies = (
			);
			name = AiChatBot;
			packageProductDependencies = (
				D53044452A20E22600B30BCF /* iPhoneNumberField */,
				D53A803C2A844C65003C15D3 /* Alamofire */,
				D5496E9D2AA76E520057A9E3 /* RevenueCat */,
			);
			productName = AiChatBot;
			productReference = D53043EE2A1EA10200B30BCF /* AiChatBot.app */;
			productType = "com.apple.product-type.application";
		};
/* End PBXNativeTarget section */

/* Begin PBXProject section */
		D53043E62A1EA10200B30BCF /* Project object */ = {
			isa = PBXProject;
			attributes = {
				BuildIndependentTargetsInParallel = 1;
				LastSwiftUpdateCheck = 1410;
				LastUpgradeCheck = 1410;
				TargetAttributes = {
					D53043ED2A1EA10200B30BCF = {
						CreatedOnToolsVersion = 14.1;
					};
				};
			};
			buildConfigurationList = D53043E92A1EA10200B30BCF /* Build configuration list for PBXProject "AiChatBot" */;
			compatibilityVersion = "Xcode 14.0";
			developmentRegion = en;
			hasScannedForEncodings = 0;
			knownRegions = (
				en,
				Base,
			);
			mainGroup = D53043E52A1EA10200B30BCF;
			packageReferences = (
				D53044442A20E22600B30BCF /* XCRemoteSwiftPackageReference "iPhoneNumberField" */,
				D53A803B2A844C65003C15D3 /* XCRemoteSwiftPackageReference "Alamofire" */,
				D5496E9C2AA76E510057A9E3 /* XCRemoteSwiftPackageReference "purchases-ios" */,
			);
			productRefGroup = D53043EF2A1EA10200B30BCF /* Products */;
			projectDirPath = "";
			projectRoot = "";
			targets = (
				D53043ED2A1EA10200B30BCF /* AiChatBot */,
			);
		};
/* End PBXProject section */

/* Begin PBXResourcesBuildPhase section */
		D53043EC2A1EA10200B30BCF /* Resources */ = {
			isa = PBXResourcesBuildPhase;
			buildActionMask = 2147483647;
			files = (
				D53044212A1EAEBE00B30BCF /* Urbanist-ExtraLight.ttf in Resources */,
				D53044232A1EAEBE00B30BCF /* Urbanist-ExtraBoldItalic.ttf in Resources */,
				D530441B2A1EAEBE00B30BCF /* Urbanist-LightItalic.ttf in Resources */,
				D530441C2A1EAEBE00B30BCF /* Urbanist-MediumItalic.ttf in Resources */,
				D530442C2A1EAEBE00B30BCF /* Urbanist-ExtraLightItalic.ttf in Resources */,
				D53044222A1EAEBE00B30BCF /* Urbanist-Medium.ttf in Resources */,
				D53043F92A1EA10600B30BCF /* Preview Assets.xcassets in Resources */,
				D53044272A1EAEBE00B30BCF /* Urbanist-Bold.ttf in Resources */,
				D53044252A1EAEBE00B30BCF /* Urbanist-Italic.ttf in Resources */,
				D530441F2A1EAEBE00B30BCF /* Urbanist-ThinItalic.ttf in Resources */,
				D53044292A1EAEBE00B30BCF /* Urbanist-Black.ttf in Resources */,
				D53044202A1EAEBE00B30BCF /* Urbanist-ExtraBold.ttf in Resources */,
				D530442A2A1EAEBE00B30BCF /* Urbanist-Regular.ttf in Resources */,
				D53044262A1EAEBE00B30BCF /* Urbanist-Light.ttf in Resources */,
				D530441E2A1EAEBE00B30BCF /* Urbanist-SemiBold.ttf in Resources */,
				D530442B2A1EAEBE00B30BCF /* Urbanist-SemiBoldItalic.ttf in Resources */,
				D53044242A1EAEBE00B30BCF /* Urbanist-Thin.ttf in Resources */,
				D53043F62A1EA10600B30BCF /* Assets.xcassets in Resources */,
				D530441D2A1EAEBE00B30BCF /* Urbanist-BlackItalic.ttf in Resources */,
				D53044282A1EAEBE00B30BCF /* Urbanist-BoldItalic.ttf in Resources */,
			);
			runOnlyForDeploymentPostprocessing = 0;
		};
/* End PBXResourcesBuildPhase section */

/* Begin PBXSourcesBuildPhase section */
		D53043EA2A1EA10200B30BCF /* Sources */ = {
			isa = PBXSourcesBuildPhase;
			buildActionMask = 2147483647;
			files = (
				D530443D2A20A7EB00B30BCF /* RegisterView.swift in Sources */,
				D55328AD2A2E96CD00AE74C8 /* ChatView.swift in Sources */,
				D53043F42A1EA10200B30BCF /* ContentView.swift in Sources */,
				D53044342A1EBCC900B30BCF /* LoginView.swift in Sources */,
				D53044512A24DF8100B30BCF /* ResetPasswordView.swift in Sources */,
				D55328AF2A2F626500AE74C8 /* ChatModel.swift in Sources */,
				D53043F22A1EA10200B30BCF /* AiChatBotApp.swift in Sources */,
				D53044042A1EA8AD00B30BCF /* Enums.swift in Sources */,
				D5D350A72AA5161F00201EE9 /* ImagePicker.swift in Sources */,
				D530444C2A24123D00B30BCF /* HomeView.swift in Sources */,
				D55328B52A2F652000AE74C8 /* ChatVM.swift in Sources */,
				D5496EA12AA76E770057A9E3 /* PaywallView.swift in Sources */,
				D530444A2A22C2CD00B30BCF /* LoadingView.swift in Sources */,
				D55E44ED2AAB308F005B1C55 /* BaseActions.swift in Sources */,
				D55E44F52AAF0F30005B1C55 /* WebSocket.swift in Sources */,
				D55B69652A2AA418009D6B18 /* ScanData.swift in Sources */,
				D530445D2A26193F00B30BCF /* LoginVM.swift in Sources */,
				D55328B32A2F638E00AE74C8 /* MessageView.swift in Sources */,
				D5496E942AA627010057A9E3 /* ChatHistoryView.swift in Sources */,
				D55B69632A295466009D6B18 /* EnumUtils.swift in Sources */,
				D55328B12A2F62DA00AE74C8 /* ContentMessageView.swift in Sources */,
				D530443B2A20A56500B30BCF /* LoginRegisterSelectionView.swift in Sources */,
				D5496E912AA613930057A9E3 /* DataController.swift in Sources */,
				D55E44F32AAB70DD005B1C55 /* ProfileVM.swift in Sources */,
				D530447F2A27F00E00B30BCF /* RegisterUserVM.swift in Sources */,
				D53044322A1EB4F800B30BCF /* LoginIntroView.swift in Sources */,
				D53044412A20D5CE00B30BCF /* CompleteYourProfileView.swift in Sources */,
				D53044552A24E31A00B30BCF /* CustomOTPBox.swift in Sources */,
				D55E44F12AAB322B005B1C55 /* ResponseModel.swift in Sources */,
				D55B696B2A2AAB8B009D6B18 /* TextRecognizer.swift in Sources */,
				D53044432A20D6F300B30BCF /* RoundedIconWithEditButton.swift in Sources */,
				D5496EA72AA773980057A9E3 /* WebView.swift in Sources */,
				D53A803A2A844B80003C15D3 /* OpenAIService.swift in Sources */,
				D55B69692A2AA6CF009D6B18 /* ScannerView.swift in Sources */,
				D55E44EF2AAB30A3005B1C55 /* APIServiceEndpoint.swift in Sources */,
				D5496E982AA724E80057A9E3 /* ChatHistoryCard.swift in Sources */,
				D53044012A1EA73400B30BCF /* SplashView.swift in Sources */,
				D55328B72A31D30700AE74C8 /* PDFView.swift in Sources */,
				D53044302A1EB11500B30BCF /* ColorExtension.swift in Sources */,
				D5496E8C2AA6126D0057A9E3 /* ChatHistory.swift in Sources */,
				D530445F2A261ADE00B30BCF /* ResetPasswordVM.swift in Sources */,
				D53044482A21724000B30BCF /* PickerTextField.swift in Sources */,
				D5496EA32AA76FB10057A9E3 /* UserDefaults.swift in Sources */,
				D5496E962AA690420057A9E3 /* Utilities.swift in Sources */,
				D5D350A92AA5351300201EE9 /* ChatAssistantView.swift in Sources */,
				D5496E9B2AA74B8F0057A9E3 /* ProfileView.swift in Sources */,
				D55328AB2A2E95CC00AE74C8 /* StartChatView.swift in Sources */,
				D55B69672A2AA463009D6B18 /* HomeVM.swift in Sources */,
				D5496E8F2AA613040057A9E3 /* ChatHistoryCD.xcdatamodeld in Sources */,
				D5D746692AAF3F7D000831A6 /* PopupView.swift in Sources */,
				D530443F2A20D4C500B30BCF /* CustomBackButton.swift in Sources */,
				D53044362A201F3400B30BCF /* UnderlinedTextField.swift in Sources */,
				D53A80372A844A90003C15D3 /* UserViewModel.swift in Sources */,
				D5496EA52AA773780057A9E3 /* SharedWebView.swift in Sources */,
				D55E44EB2AAB306D005B1C55 /* BaseService.swift in Sources */,
				D53044392A20A14E00B30BCF /* DividerWithLabel.swift in Sources */,
			);
			runOnlyForDeploymentPostprocessing = 0;
		};
/* End PBXSourcesBuildPhase section */

/* Begin XCBuildConfiguration section */
		D53043FA2A1EA10600B30BCF /* Debug */ = {
			isa = XCBuildConfiguration;
			buildSettings = {
				ALWAYS_SEARCH_USER_PATHS = NO;
				CLANG_ANALYZER_NONNULL = YES;
				CLANG_ANALYZER_NUMBER_OBJECT_CONVERSION = YES_AGGRESSIVE;
				CLANG_CXX_LANGUAGE_STANDARD = "gnu++20";
				CLANG_ENABLE_MODULES = YES;
				CLANG_ENABLE_OBJC_ARC = YES;
				CLANG_ENABLE_OBJC_WEAK = YES;
				CLANG_WARN_BLOCK_CAPTURE_AUTORELEASING = YES;
				CLANG_WARN_BOOL_CONVERSION = YES;
				CLANG_WARN_COMMA = YES;
				CLANG_WARN_CONSTANT_CONVERSION = YES;
				CLANG_WARN_DEPRECATED_OBJC_IMPLEMENTATIONS = YES;
				CLANG_WARN_DIRECT_OBJC_ISA_USAGE = YES_ERROR;
				CLANG_WARN_DOCUMENTATION_COMMENTS = YES;
				CLANG_WARN_EMPTY_BODY = YES;
				CLANG_WARN_ENUM_CONVERSION = YES;
				CLANG_WARN_INFINITE_RECURSION = YES;
				CLANG_WARN_INT_CONVERSION = YES;
				CLANG_WARN_NON_LITERAL_NULL_CONVERSION = YES;
				CLANG_WARN_OBJC_IMPLICIT_RETAIN_SELF = YES;
				CLANG_WARN_OBJC_LITERAL_CONVERSION = YES;
				CLANG_WARN_OBJC_ROOT_CLASS = YES_ERROR;
				CLANG_WARN_QUOTED_INCLUDE_IN_FRAMEWORK_HEADER = YES;
				CLANG_WARN_RANGE_LOOP_ANALYSIS = YES;
				CLANG_WARN_STRICT_PROTOTYPES = YES;
				CLANG_WARN_SUSPICIOUS_MOVE = YES;
				CLANG_WARN_UNGUARDED_AVAILABILITY = YES_AGGRESSIVE;
				CLANG_WARN_UNREACHABLE_CODE = YES;
				CLANG_WARN__DUPLICATE_METHOD_MATCH = YES;
				COPY_PHASE_STRIP = NO;
				DEBUG_INFORMATION_FORMAT = dwarf;
				ENABLE_STRICT_OBJC_MSGSEND = YES;
				ENABLE_TESTABILITY = YES;
				GCC_C_LANGUAGE_STANDARD = gnu11;
				GCC_DYNAMIC_NO_PIC = NO;
				GCC_NO_COMMON_BLOCKS = YES;
				GCC_OPTIMIZATION_LEVEL = 0;
				GCC_PREPROCESSOR_DEFINITIONS = (
					"DEBUG=1",
					"$(inherited)",
				);
				GCC_WARN_64_TO_32_BIT_CONVERSION = YES;
				GCC_WARN_ABOUT_RETURN_TYPE = YES_ERROR;
				GCC_WARN_UNDECLARED_SELECTOR = YES;
				GCC_WARN_UNINITIALIZED_AUTOS = YES_AGGRESSIVE;
				GCC_WARN_UNUSED_FUNCTION = YES;
				GCC_WARN_UNUSED_VARIABLE = YES;
				IPHONEOS_DEPLOYMENT_TARGET = 16.1;
				MTL_ENABLE_DEBUG_INFO = INCLUDE_SOURCE;
				MTL_FAST_MATH = YES;
				ONLY_ACTIVE_ARCH = YES;
				SDKROOT = iphoneos;
				SWIFT_ACTIVE_COMPILATION_CONDITIONS = DEBUG;
				SWIFT_OPTIMIZATION_LEVEL = "-Onone";
			};
			name = Debug;
		};
		D53043FB2A1EA10600B30BCF /* Release */ = {
			isa = XCBuildConfiguration;
			buildSettings = {
				ALWAYS_SEARCH_USER_PATHS = NO;
				CLANG_ANALYZER_NONNULL = YES;
				CLANG_ANALYZER_NUMBER_OBJECT_CONVERSION = YES_AGGRESSIVE;
				CLANG_CXX_LANGUAGE_STANDARD = "gnu++20";
				CLANG_ENABLE_MODULES = YES;
				CLANG_ENABLE_OBJC_ARC = YES;
				CLANG_ENABLE_OBJC_WEAK = YES;
				CLANG_WARN_BLOCK_CAPTURE_AUTORELEASING = YES;
				CLANG_WARN_BOOL_CONVERSION = YES;
				CLANG_WARN_COMMA = YES;
				CLANG_WARN_CONSTANT_CONVERSION = YES;
				CLANG_WARN_DEPRECATED_OBJC_IMPLEMENTATIONS = YES;
				CLANG_WARN_DIRECT_OBJC_ISA_USAGE = YES_ERROR;
				CLANG_WARN_DOCUMENTATION_COMMENTS = YES;
				CLANG_WARN_EMPTY_BODY = YES;
				CLANG_WARN_ENUM_CONVERSION = YES;
				CLANG_WARN_INFINITE_RECURSION = YES;
				CLANG_WARN_INT_CONVERSION = YES;
				CLANG_WARN_NON_LITERAL_NULL_CONVERSION = YES;
				CLANG_WARN_OBJC_IMPLICIT_RETAIN_SELF = YES;
				CLANG_WARN_OBJC_LITERAL_CONVERSION = YES;
				CLANG_WARN_OBJC_ROOT_CLASS = YES_ERROR;
				CLANG_WARN_QUOTED_INCLUDE_IN_FRAMEWORK_HEADER = YES;
				CLANG_WARN_RANGE_LOOP_ANALYSIS = YES;
				CLANG_WARN_STRICT_PROTOTYPES = YES;
				CLANG_WARN_SUSPICIOUS_MOVE = YES;
				CLANG_WARN_UNGUARDED_AVAILABILITY = YES_AGGRESSIVE;
				CLANG_WARN_UNREACHABLE_CODE = YES;
				CLANG_WARN__DUPLICATE_METHOD_MATCH = YES;
				COPY_PHASE_STRIP = NO;
				DEBUG_INFORMATION_FORMAT = "dwarf-with-dsym";
				ENABLE_NS_ASSERTIONS = NO;
				ENABLE_STRICT_OBJC_MSGSEND = YES;
				GCC_C_LANGUAGE_STANDARD = gnu11;
				GCC_NO_COMMON_BLOCKS = YES;
				GCC_WARN_64_TO_32_BIT_CONVERSION = YES;
				GCC_WARN_ABOUT_RETURN_TYPE = YES_ERROR;
				GCC_WARN_UNDECLARED_SELECTOR = YES;
				GCC_WARN_UNINITIALIZED_AUTOS = YES_AGGRESSIVE;
				GCC_WARN_UNUSED_FUNCTION = YES;
				GCC_WARN_UNUSED_VARIABLE = YES;
				IPHONEOS_DEPLOYMENT_TARGET = 16.1;
				MTL_ENABLE_DEBUG_INFO = NO;
				MTL_FAST_MATH = YES;
				SDKROOT = iphoneos;
				SWIFT_COMPILATION_MODE = wholemodule;
				SWIFT_OPTIMIZATION_LEVEL = "-O";
				VALIDATE_PRODUCT = YES;
			};
			name = Release;
		};
		D53043FD2A1EA10600B30BCF /* Debug */ = {
			isa = XCBuildConfiguration;
			buildSettings = {
				ASSETCATALOG_COMPILER_APPICON_NAME = AppIcon;
				ASSETCATALOG_COMPILER_GLOBAL_ACCENT_COLOR_NAME = AccentColor;
				CODE_SIGN_IDENTITY = "Apple Development: Butrint Hodaj (JMD7LZ4ZBB)";
				CODE_SIGN_STYLE = Manual;
				CURRENT_PROJECT_VERSION = 1;
				DEVELOPMENT_ASSET_PATHS = "\"AiChatBot/Preview Content\"";
				DEVELOPMENT_TEAM = 86GDT8VMYM;
				ENABLE_PREVIEWS = YES;
				GENERATE_INFOPLIST_FILE = YES;
				INFOPLIST_FILE = AiChatBot/Info.plist;
				INFOPLIST_KEY_CFBundleDisplayName = "School AI";
				INFOPLIST_KEY_LSSupportsOpeningDocumentsInPlace = YES;
				INFOPLIST_KEY_NSCameraUsageDescription = "AiChatBot requires camera access";
				INFOPLIST_KEY_UIApplicationSceneManifest_Generation = YES;
				INFOPLIST_KEY_UIApplicationSupportsIndirectInputEvents = YES;
				INFOPLIST_KEY_UILaunchScreen_Generation = YES;
				INFOPLIST_KEY_UISupportedInterfaceOrientations_iPad = "UIInterfaceOrientationPortrait UIInterfaceOrientationPortraitUpsideDown UIInterfaceOrientationLandscapeLeft UIInterfaceOrientationLandscapeRight";
				INFOPLIST_KEY_UISupportedInterfaceOrientations_iPhone = "UIInterfaceOrientationPortrait UIInterfaceOrientationLandscapeLeft UIInterfaceOrientationLandscapeRight";
				LD_RUNPATH_SEARCH_PATHS = (
					"$(inherited)",
					"@executable_path/Frameworks",
				);
				MARKETING_VERSION = 1.0;
				PRODUCT_BUNDLE_IDENTIFIER = com.thefreelancers.schoolai;
				PRODUCT_NAME = "$(TARGET_NAME)";
				PROVISIONING_PROFILE_SPECIFIER = SchoolAIDevelopment;
				SWIFT_EMIT_LOC_STRINGS = YES;
				SWIFT_VERSION = 5.0;
				TARGETED_DEVICE_FAMILY = "1,2";
			};
			name = Debug;
		};
		D53043FE2A1EA10600B30BCF /* Release */ = {
			isa = XCBuildConfiguration;
			buildSettings = {
				ASSETCATALOG_COMPILER_APPICON_NAME = AppIcon;
				ASSETCATALOG_COMPILER_GLOBAL_ACCENT_COLOR_NAME = AccentColor;
				CODE_SIGN_IDENTITY = "Apple Distribution: Butrint Hodaj (86GDT8VMYM)";
				"CODE_SIGN_IDENTITY[sdk=iphoneos*]" = "Apple Distribution: Butrint Hodaj (86GDT8VMYM)";
				CODE_SIGN_STYLE = Manual;
				CURRENT_PROJECT_VERSION = 1;
				DEVELOPMENT_ASSET_PATHS = "\"AiChatBot/Preview Content\"";
				DEVELOPMENT_TEAM = "";
				"DEVELOPMENT_TEAM[sdk=iphoneos*]" = 86GDT8VMYM;
				ENABLE_PREVIEWS = YES;
				GENERATE_INFOPLIST_FILE = YES;
				INFOPLIST_FILE = AiChatBot/Info.plist;
				INFOPLIST_KEY_CFBundleDisplayName = "School AI";
				INFOPLIST_KEY_LSSupportsOpeningDocumentsInPlace = YES;
				INFOPLIST_KEY_NSCameraUsageDescription = "AiChatBot requires camera access";
				INFOPLIST_KEY_UIApplicationSceneManifest_Generation = YES;
				INFOPLIST_KEY_UIApplicationSupportsIndirectInputEvents = YES;
				INFOPLIST_KEY_UILaunchScreen_Generation = YES;
				INFOPLIST_KEY_UISupportedInterfaceOrientations_iPad = "UIInterfaceOrientationPortrait UIInterfaceOrientationPortraitUpsideDown UIInterfaceOrientationLandscapeLeft UIInterfaceOrientationLandscapeRight";
				INFOPLIST_KEY_UISupportedInterfaceOrientations_iPhone = "UIInterfaceOrientationPortrait UIInterfaceOrientationLandscapeLeft UIInterfaceOrientationLandscapeRight";
				LD_RUNPATH_SEARCH_PATHS = (
					"$(inherited)",
					"@executable_path/Frameworks",
				);
				MARKETING_VERSION = 1.0;
				PRODUCT_BUNDLE_IDENTIFIER = com.thefreelancers.schoolai;
				PRODUCT_NAME = "$(TARGET_NAME)";
				PROVISIONING_PROFILE_SPECIFIER = "";
				"PROVISIONING_PROFILE_SPECIFIER[sdk=iphoneos*]" = iOSDistributionSchoolAI;
				SWIFT_EMIT_LOC_STRINGS = YES;
				SWIFT_VERSION = 5.0;
				TARGETED_DEVICE_FAMILY = "1,2";
			};
			name = Release;
		};
/* End XCBuildConfiguration section */

/* Begin XCConfigurationList section */
		D53043E92A1EA10200B30BCF /* Build configuration list for PBXProject "AiChatBot" */ = {
			isa = XCConfigurationList;
			buildConfigurations = (
				D53043FA2A1EA10600B30BCF /* Debug */,
				D53043FB2A1EA10600B30BCF /* Release */,
			);
			defaultConfigurationIsVisible = 0;
			defaultConfigurationName = Release;
		};
		D53043FC2A1EA10600B30BCF /* Build configuration list for PBXNativeTarget "AiChatBot" */ = {
			isa = XCConfigurationList;
			buildConfigurations = (
				D53043FD2A1EA10600B30BCF /* Debug */,
				D53043FE2A1EA10600B30BCF /* Release */,
			);
			defaultConfigurationIsVisible = 0;
			defaultConfigurationName = Release;
		};
/* End XCConfigurationList section */

/* Begin XCRemoteSwiftPackageReference section */
		D53044442A20E22600B30BCF /* XCRemoteSwiftPackageReference "iPhoneNumberField" */ = {
			isa = XCRemoteSwiftPackageReference;
			repositoryURL = "https://github.com/MojtabaHs/iPhoneNumberField";
			requirement = {
				kind = upToNextMajorVersion;
				minimumVersion = 0.9.0;
			};
		};
		D53A803B2A844C65003C15D3 /* XCRemoteSwiftPackageReference "Alamofire" */ = {
			isa = XCRemoteSwiftPackageReference;
			repositoryURL = "https://github.com/Alamofire/Alamofire.git";
			requirement = {
				kind = upToNextMajorVersion;
				minimumVersion = 5.0.0;
			};
		};
		D5496E9C2AA76E510057A9E3 /* XCRemoteSwiftPackageReference "purchases-ios" */ = {
			isa = XCRemoteSwiftPackageReference;
			repositoryURL = "https://github.com/RevenueCat/purchases-ios.git";
			requirement = {
				kind = upToNextMajorVersion;
				minimumVersion = 4.0.0;
			};
		};
/* End XCRemoteSwiftPackageReference section */

/* Begin XCSwiftPackageProductDependency section */
		D53044452A20E22600B30BCF /* iPhoneNumberField */ = {
			isa = XCSwiftPackageProductDependency;
			package = D53044442A20E22600B30BCF /* XCRemoteSwiftPackageReference "iPhoneNumberField" */;
			productName = iPhoneNumberField;
		};
		D53A803C2A844C65003C15D3 /* Alamofire */ = {
			isa = XCSwiftPackageProductDependency;
			package = D53A803B2A844C65003C15D3 /* XCRemoteSwiftPackageReference "Alamofire" */;
			productName = Alamofire;
		};
		D5496E9D2AA76E520057A9E3 /* RevenueCat */ = {
			isa = XCSwiftPackageProductDependency;
			package = D5496E9C2AA76E510057A9E3 /* XCRemoteSwiftPackageReference "purchases-ios" */;
			productName = RevenueCat;
		};
/* End XCSwiftPackageProductDependency section */

/* Begin XCVersionGroup section */
		D5496E8D2AA613040057A9E3 /* ChatHistoryCD.xcdatamodeld */ = {
			isa = XCVersionGroup;
			children = (
				D5496E8E2AA613040057A9E3 /* ChatHistoryCD.xcdatamodel */,
			);
			currentVersion = D5496E8E2AA613040057A9E3 /* ChatHistoryCD.xcdatamodel */;
			path = ChatHistoryCD.xcdatamodeld;
			sourceTree = "<group>";
			versionGroupType = wrapper.xcdatamodel;
		};
/* End XCVersionGroup section */
	};
	rootObject = D53043E62A1EA10200B30BCF /* Project object */;
}
